
Microsoft Visual Studio Solution File, Format Version 12.00
# Visual Studio 15
VisualStudioVersion = 15.0.28307.1022
MinimumVisualStudioVersion = 10.0.40219.1
Project("{FAE04EC0-301F-11D3-BF4B-00C04F79EFBC}") = "CameraSDKSampleApp", "CameraSDKSampleApp.csproj", "{A8D8876D-C91E-4AC1-A1AB-572D6C153DD3}"
EndProject
Global
	GlobalSection(SolutionConfigurationPlatforms) = preSolution
		Debug|Any CPU = Debug|Any CPU
		Debug|x86 = Debug|x86
		DevDebug|Any CPU = DevDebug|Any CPU
		DevDebug|x86 = DevDebug|x86
		DevRelease|Any CPU = DevRelease|Any CPU
		DevRelease|x86 = DevRelease|x86
		Release|Any CPU = Release|Any CPU
		Release|x86 = Release|x86
	EndGlobalSection
	GlobalSection(ProjectConfigurationPlatforms) = postSolution
		{A8D8876D-C91E-4AC1-A1AB-572D6C153DD3}.Debug|Any CPU.ActiveCfg = Debug|Any CPU
		{A8D8876D-C91E-4AC1-A1AB-572D6C153DD3}.Debug|Any CPU.Build.0 = Debug|Any CPU
		{A8D8876D-C91E-4AC1-A1AB-572D6C153DD3}.Debug|x86.ActiveCfg = Debug|x86
		{A8D8876D-C91E-4AC1-A1AB-572D6C153DD3}.Debug|x86.Build.0 = Debug|x86
		{A8D8876D-C91E-4AC1-A1AB-572D6C153DD3}.DevDebug|Any CPU.ActiveCfg = DevDebug|Any CPU
		{A8D8876D-C91E-4AC1-A1AB-572D6C153DD3}.DevDebug|Any CPU.Build.0 = DevDebug|Any CPU
		{A8D8876D-C91E-4AC1-A1AB-572D6C153DD3}.DevDebug|x86.ActiveCfg = DevDebug|x86
		{A8D8876D-C91E-4AC1-A1AB-572D6C153DD3}.DevDebug|x86.Build.0 = DevDebug|x86
		{A8D8876D-C91E-4AC1-A1AB-572D6C153DD3}.DevRelease|Any CPU.ActiveCfg = DevRelease|Any CPU
		{A8D8876D-C91E-4AC1-A1AB-572D6C153DD3}.DevRelease|Any CPU.Build.0 = DevRelease|Any CPU
		{A8D8876D-C91E-4AC1-A1AB-572D6C153DD3}.DevRelease|x86.ActiveCfg = DevRelease|x86
		{A8D8876D-C91E-4AC1-A1AB-572D6C153DD3}.DevRelease|x86.Build.0 = DevRelease|x86
		{A8D8876D-C91E-4AC1-A1AB-572D6C153DD3}.Release|Any CPU.ActiveCfg = Release|Any CPU
		{A8D8876D-C91E-4AC1-A1AB-572D6C153DD3}.Release|Any CPU.Build.0 = Release|Any CPU
		{A8D8876D-C91E-4AC1-A1AB-572D6C153DD3}.Release|x86.ActiveCfg = Release|x86
		{A8D8876D-C91E-4AC1-A1AB-572D6C153DD3}.Release|x86.Build.0 = Release|x86
	EndGlobalSection
	GlobalSection(SolutionProperties) = preSolution
		HideSolutionNode = FALSE
	EndGlobalSection
	GlobalSection(ExtensibilityGlobals) = postSolution
		SolutionGuid = {47CA223D-D9DB-4F5A-8A93-A819B3B53794}
	EndGlobalSection
EndGlobal
